
Microsoft Visual Studio Solution File, Format Version 12.00
# Visual Studio Version 17
VisualStudioVersion = 17.1.32210.238
MinimumVisualStudioVersion = 10.0.40219.1
Project("{2150E333-8FDC-42A3-9474-1A3956D46DE8}") = "src", "src", "{7C238303-B433-4FEC-8A3B-2DDFC83774A2}"
EndProject
Project("{2150E333-8FDC-42A3-9474-1A3956D46DE8}") = "Services", "Services", "{EEFBED1C-D8EB-4FC5-AB8F-031AB9775DB7}"
EndProject
Project("{2150E333-8FDC-42A3-9474-1A3956D46DE8}") = "Catalog", "Catalog", "{DE3C2D77-5D30-41A1-B9A1-F24F8318152B}"
EndProject
Project("{9A19103F-16F7-4668-BE54-9A1E7A4F7556}") = "Catalog.API", "src\Services\Catalog\Catalog.API\Catalog.API.csproj", "{94CBEF9B-1AFD-4CB4-BC0C-20A06EBD96F3}"
EndProject
Project("{9A19103F-16F7-4668-BE54-9A1E7A4F7556}") = "Catalog.Domain", "src\Services\Catalog\Catalog.Domain\Catalog.Domain.csproj", "{1D04559D-A25B-48FF-B6E3-2064E6B235F8}"
EndProject
Project("{9A19103F-16F7-4668-BE54-9A1E7A4F7556}") = "Catalog.Infrastructure", "src\Services\Catalog\Catalog.Infrastructure\Catalog.Infrastructure.csproj", "{9AC01061-593B-4189-9E66-A505034B5F12}"
EndProject
Project("{E53339B2-1760-4266-BCC7-CA923CBCF16C}") = "docker-compose", "docker-compose.dcproj", "{1E6346F8-24E6-45CC-AAC7-93F50673447E}"
EndProject
Project("{2150E333-8FDC-42A3-9474-1A3956D46DE8}") = "Classes", "Classes", "{C7AE39CD-B8BF-45B6-AA97-371B20CFD192}"
EndProject
Project("{2150E333-8FDC-42A3-9474-1A3956D46DE8}") = "Notifications", "Notifications", "{DAB4FE5A-546C-4732-94A7-F325FF2A02D2}"
EndProject
Project("{2150E333-8FDC-42A3-9474-1A3956D46DE8}") = "ProgressTracking", "ProgressTracking", "{77AE9110-932C-4550-AA2A-3500A17121ED}"
EndProject
Project("{9A19103F-16F7-4668-BE54-9A1E7A4F7556}") = "Classes.API", "src\Services\Classes\Classes.API\Classes.API.csproj", "{C13EDD18-CFE4-4122-A16B-A3ECEB7579E7}"
EndProject
Project("{9A19103F-16F7-4668-BE54-9A1E7A4F7556}") = "Classes.Domain", "src\Services\Classes\Classes.Domain\Classes.Domain.csproj", "{82833D84-5EEE-45A6-BAD4-3E1B0555BD76}"
EndProject
Project("{9A19103F-16F7-4668-BE54-9A1E7A4F7556}") = "Classes.Infrastructure", "src\Services\Classes\Classes.Infrastructure\Classes.Infrastructure.csproj", "{8D247250-4652-4901-B084-2D2073D8B066}"
EndProject
Project("{2150E333-8FDC-42A3-9474-1A3956D46DE8}") = "Gateways", "Gateways", "{540A0932-0CC8-4AA4-9587-F311AAF33076}"
EndProject
Project("{9A19103F-16F7-4668-BE54-9A1E7A4F7556}") = "OcelotApiGateway", "src\Gateways\OcelotApiGateway\OcelotApiGateway.csproj", "{4CB0AC69-915E-44CD-BC94-89D90BA3FB55}"
EndProject
Project("{9A19103F-16F7-4668-BE54-9A1E7A4F7556}") = "Aggregator", "src\Gateways\Aggregator\Aggregator.csproj", "{7B32DA9B-CB03-4CE8-B4E7-8BF3CB18FA2D}"
EndProject
Project("{2150E333-8FDC-42A3-9474-1A3956D46DE8}") = "Identity", "Identity", "{ECCED8B8-0425-45EA-9E9C-F8B7A431A0F9}"
EndProject
Project("{9A19103F-16F7-4668-BE54-9A1E7A4F7556}") = "IdentityServer", "src\Services\Identity\IdentityServer\IdentityServer.csproj", "{4C6DB176-D54A-46F6-8D0A-1CE40AD8B082}"
EndProject
Project("{2150E333-8FDC-42A3-9474-1A3956D46DE8}") = "Web", "Web", "{9B330A24-5814-4528-A777-C7B6876ABABA}"
EndProject
Global
	GlobalSection(SolutionConfigurationPlatforms) = preSolution
		Debug|Any CPU = Debug|Any CPU
		Release|Any CPU = Release|Any CPU
	EndGlobalSection
	GlobalSection(ProjectConfigurationPlatforms) = postSolution
		{94CBEF9B-1AFD-4CB4-BC0C-20A06EBD96F3}.Debug|Any CPU.ActiveCfg = Debug|Any CPU
		{94CBEF9B-1AFD-4CB4-BC0C-20A06EBD96F3}.Debug|Any CPU.Build.0 = Debug|Any CPU
		{94CBEF9B-1AFD-4CB4-BC0C-20A06EBD96F3}.Release|Any CPU.ActiveCfg = Release|Any CPU
		{94CBEF9B-1AFD-4CB4-BC0C-20A06EBD96F3}.Release|Any CPU.Build.0 = Release|Any CPU
		{1D04559D-A25B-48FF-B6E3-2064E6B235F8}.Debug|Any CPU.ActiveCfg = Debug|Any CPU
		{1D04559D-A25B-48FF-B6E3-2064E6B235F8}.Debug|Any CPU.Build.0 = Debug|Any CPU
		{1D04559D-A25B-48FF-B6E3-2064E6B235F8}.Release|Any CPU.ActiveCfg = Release|Any CPU
		{1D04559D-A25B-48FF-B6E3-2064E6B235F8}.Release|Any CPU.Build.0 = Release|Any CPU
		{9AC01061-593B-4189-9E66-A505034B5F12}.Debug|Any CPU.ActiveCfg = Debug|Any CPU
		{9AC01061-593B-4189-9E66-A505034B5F12}.Debug|Any CPU.Build.0 = Debug|Any CPU
		{9AC01061-593B-4189-9E66-A505034B5F12}.Release|Any CPU.ActiveCfg = Release|Any CPU
		{9AC01061-593B-4189-9E66-A505034B5F12}.Release|Any CPU.Build.0 = Release|Any CPU
		{1E6346F8-24E6-45CC-AAC7-93F50673447E}.Debug|Any CPU.ActiveCfg = Debug|Any CPU
		{1E6346F8-24E6-45CC-AAC7-93F50673447E}.Debug|Any CPU.Build.0 = Debug|Any CPU
		{1E6346F8-24E6-45CC-AAC7-93F50673447E}.Release|Any CPU.ActiveCfg = Release|Any CPU
		{1E6346F8-24E6-45CC-AAC7-93F50673447E}.Release|Any CPU.Build.0 = Release|Any CPU
		{C13EDD18-CFE4-4122-A16B-A3ECEB7579E7}.Debug|Any CPU.ActiveCfg = Debug|Any CPU
		{C13EDD18-CFE4-4122-A16B-A3ECEB7579E7}.Debug|Any CPU.Build.0 = Debug|Any CPU
		{C13EDD18-CFE4-4122-A16B-A3ECEB7579E7}.Release|Any CPU.ActiveCfg = Release|Any CPU
		{C13EDD18-CFE4-4122-A16B-A3ECEB7579E7}.Release|Any CPU.Build.0 = Release|Any CPU
		{82833D84-5EEE-45A6-BAD4-3E1B0555BD76}.Debug|Any CPU.ActiveCfg = Debug|Any CPU
		{82833D84-5EEE-45A6-BAD4-3E1B0555BD76}.Debug|Any CPU.Build.0 = Debug|Any CPU
		{82833D84-5EEE-45A6-BAD4-3E1B0555BD76}.Release|Any CPU.ActiveCfg = Release|Any CPU
		{82833D84-5EEE-45A6-BAD4-3E1B0555BD76}.Release|Any CPU.Build.0 = Release|Any CPU
		{8D247250-4652-4901-B084-2D2073D8B066}.Debug|Any CPU.ActiveCfg = Debug|Any CPU
		{8D247250-4652-4901-B084-2D2073D8B066}.Debug|Any CPU.Build.0 = Debug|Any CPU
		{8D247250-4652-4901-B084-2D2073D8B066}.Release|Any CPU.ActiveCfg = Release|Any CPU
		{8D247250-4652-4901-B084-2D2073D8B066}.Release|Any CPU.Build.0 = Release|Any CPU
		{4CB0AC69-915E-44CD-BC94-89D90BA3FB55}.Debug|Any CPU.ActiveCfg = Debug|Any CPU
		{4CB0AC69-915E-44CD-BC94-89D90BA3FB55}.Debug|Any CPU.Build.0 = Debug|Any CPU
		{4CB0AC69-915E-44CD-BC94-89D90BA3FB55}.Release|Any CPU.ActiveCfg = Release|Any CPU
		{4CB0AC69-915E-44CD-BC94-89D90BA3FB55}.Release|Any CPU.Build.0 = Release|Any CPU
		{7B32DA9B-CB03-4CE8-B4E7-8BF3CB18FA2D}.Debug|Any CPU.ActiveCfg = Debug|Any CPU
		{7B32DA9B-CB03-4CE8-B4E7-8BF3CB18FA2D}.Debug|Any CPU.Build.0 = Debug|Any CPU
		{7B32DA9B-CB03-4CE8-B4E7-8BF3CB18FA2D}.Release|Any CPU.ActiveCfg = Release|Any CPU
		{7B32DA9B-CB03-4CE8-B4E7-8BF3CB18FA2D}.Release|Any CPU.Build.0 = Release|Any CPU
		{4C6DB176-D54A-46F6-8D0A-1CE40AD8B082}.Debug|Any CPU.ActiveCfg = Debug|Any CPU
		{4C6DB176-D54A-46F6-8D0A-1CE40AD8B082}.Debug|Any CPU.Build.0 = Debug|Any CPU
		{4C6DB176-D54A-46F6-8D0A-1CE40AD8B082}.Release|Any CPU.ActiveCfg = Release|Any CPU
		{4C6DB176-D54A-46F6-8D0A-1CE40AD8B082}.Release|Any CPU.Build.0 = Release|Any CPU
	EndGlobalSection
	GlobalSection(SolutionProperties) = preSolution
		HideSolutionNode = FALSE
	EndGlobalSection
	GlobalSection(NestedProjects) = preSolution
		{EEFBED1C-D8EB-4FC5-AB8F-031AB9775DB7} = {7C238303-B433-4FEC-8A3B-2DDFC83774A2}
		{DE3C2D77-5D30-41A1-B9A1-F24F8318152B} = {EEFBED1C-D8EB-4FC5-AB8F-031AB9775DB7}
		{94CBEF9B-1AFD-4CB4-BC0C-20A06EBD96F3} = {DE3C2D77-5D30-41A1-B9A1-F24F8318152B}
		{1D04559D-A25B-48FF-B6E3-2064E6B235F8} = {DE3C2D77-5D30-41A1-B9A1-F24F8318152B}
		{9AC01061-593B-4189-9E66-A505034B5F12} = {DE3C2D77-5D30-41A1-B9A1-F24F8318152B}
		{1E6346F8-24E6-45CC-AAC7-93F50673447E} = {7C238303-B433-4FEC-8A3B-2DDFC83774A2}
		{C7AE39CD-B8BF-45B6-AA97-371B20CFD192} = {EEFBED1C-D8EB-4FC5-AB8F-031AB9775DB7}
		{DAB4FE5A-546C-4732-94A7-F325FF2A02D2} = {EEFBED1C-D8EB-4FC5-AB8F-031AB9775DB7}
		{77AE9110-932C-4550-AA2A-3500A17121ED} = {EEFBED1C-D8EB-4FC5-AB8F-031AB9775DB7}
		{C13EDD18-CFE4-4122-A16B-A3ECEB7579E7} = {C7AE39CD-B8BF-45B6-AA97-371B20CFD192}
		{82833D84-5EEE-45A6-BAD4-3E1B0555BD76} = {C7AE39CD-B8BF-45B6-AA97-371B20CFD192}
		{8D247250-4652-4901-B084-2D2073D8B066} = {C7AE39CD-B8BF-45B6-AA97-371B20CFD192}
		{540A0932-0CC8-4AA4-9587-F311AAF33076} = {7C238303-B433-4FEC-8A3B-2DDFC83774A2}
		{4CB0AC69-915E-44CD-BC94-89D90BA3FB55} = {540A0932-0CC8-4AA4-9587-F311AAF33076}
		{7B32DA9B-CB03-4CE8-B4E7-8BF3CB18FA2D} = {540A0932-0CC8-4AA4-9587-F311AAF33076}
		{ECCED8B8-0425-45EA-9E9C-F8B7A431A0F9} = {EEFBED1C-D8EB-4FC5-AB8F-031AB9775DB7}
		{4C6DB176-D54A-46F6-8D0A-1CE40AD8B082} = {ECCED8B8-0425-45EA-9E9C-F8B7A431A0F9}
		{9B330A24-5814-4528-A777-C7B6876ABABA} = {7C238303-B433-4FEC-8A3B-2DDFC83774A2}
	EndGlobalSection
	GlobalSection(ExtensibilityGlobals) = postSolution
		SolutionGuid = {406FD455-F7E7-414E-94F3-4CB03116D900}
	EndGlobalSection
EndGlobal
